
Microsoft Visual Studio Solution File, Format Version 12.00
# Visual Studio 15
VisualStudioVersion = 15.0.26403.7
MinimumVisualStudioVersion = 10.0.40219.1
Project("{FAE04EC0-301F-11D3-BF4B-00C04F79EFBC}") = "NuimoHub", "NuimoHub\NuimoHub.csproj", "{8CD584BA-B750-4AB3-B982-EDF225B1E19A}"
EndProject
Project("{FAE04EC0-301F-11D3-BF4B-00C04F79EFBC}") = "NuimoSDK", "..\nuimo-windows\NuimoSDK\NuimoSDK.csproj", "{E1EDA363-0B66-42DC-960F-55941ED96FA4}"
EndProject
Project("{FAE04EC0-301F-11D3-BF4B-00C04F79EFBC}") = "HueApp", "HueApp\HueApp.csproj", "{2F34683F-A602-4268-95AF-AFC86F85B93E}"
EndProject
Project("{FAE04EC0-301F-11D3-BF4B-00C04F79EFBC}") = "NuimoHub.Interfaces", "NuimoHub.Interfaces\NuimoHub.Interfaces.csproj", "{9E2E9FF8-E5D3-44E7-9769-E01C29F2EE69}"
EndProject
Project("{FAE04EC0-301F-11D3-BF4B-00C04F79EFBC}") = "NuimoHelpers", "NuimoHelpers\NuimoHelpers.csproj", "{447FCEF3-7F3D-4228-A5C3-4123337ADAC0}"
EndProject
Project("{FAE04EC0-301F-11D3-BF4B-00C04F79EFBC}") = "CastApp", "CastApp\CastApp.csproj", "{377786A7-03AB-4ADC-832A-A3554CCA0C72}"
EndProject
Project("{2150E333-8FDC-42A3-9474-1A3956D46DE8}") = "Integrations", "Integrations", "{EA3DE245-2696-44A9-A482-3BD9E841B965}"
EndProject
Project("{FAE04EC0-301F-11D3-BF4B-00C04F79EFBC}") = "TimerApp", "TimerApp\TimerApp.csproj", "{83164498-1460-4166-B1F0-252E0DF0263F}"
EndProject
Project("{FAE04EC0-301F-11D3-BF4B-00C04F79EFBC}") = "TestApp", "TestApp\TestApp.csproj", "{950FCC79-CE4B-41CF-AEEF-C450D7A9045B}"
EndProject
Project("{9A19103F-16F7-4668-BE54-9A1E7A4F7556}") = "NuimoHub.Frontend", "NuimoHub.Frontend\NuimoHub.Frontend.csproj", "{3F147EAE-68F1-40E3-BBEE-630171B04734}"
EndProject
Project("{FAE04EC0-301F-11D3-BF4B-00C04F79EFBC}") = "NuimoHub.Core", "NuimoHub.Core\NuimoHub.Core.csproj", "{C9286867-7B17-4489-A673-FA397D15F21F}"
EndProject
Project("{9A19103F-16F7-4668-BE54-9A1E7A4F7556}") = "NuimoSDK.Core", "..\nuimo-windows\NuimoSDK.Core\NuimoSDK.Core.csproj", "{B3E6B299-E4B5-48B7-A280-2A76A617C3AE}"
EndProject
Global
	GlobalSection(SolutionConfigurationPlatforms) = preSolution
		Debug|Any CPU = Debug|Any CPU
		Debug|ARM = Debug|ARM
		Debug|x64 = Debug|x64
		Debug|x86 = Debug|x86
		Release|Any CPU = Release|Any CPU
		Release|ARM = Release|ARM
		Release|x64 = Release|x64
		Release|x86 = Release|x86
	EndGlobalSection
	GlobalSection(ProjectConfigurationPlatforms) = postSolution
		{8CD584BA-B750-4AB3-B982-EDF225B1E19A}.Debug|Any CPU.ActiveCfg = Debug|x86
		{8CD584BA-B750-4AB3-B982-EDF225B1E19A}.Debug|ARM.ActiveCfg = Debug|ARM
		{8CD584BA-B750-4AB3-B982-EDF225B1E19A}.Debug|ARM.Build.0 = Debug|ARM
		{8CD584BA-B750-4AB3-B982-EDF225B1E19A}.Debug|ARM.Deploy.0 = Debug|ARM
		{8CD584BA-B750-4AB3-B982-EDF225B1E19A}.Debug|x64.ActiveCfg = Debug|x64
		{8CD584BA-B750-4AB3-B982-EDF225B1E19A}.Debug|x64.Build.0 = Debug|x64
		{8CD584BA-B750-4AB3-B982-EDF225B1E19A}.Debug|x64.Deploy.0 = Debug|x64
		{8CD584BA-B750-4AB3-B982-EDF225B1E19A}.Debug|x86.ActiveCfg = Debug|x86
		{8CD584BA-B750-4AB3-B982-EDF225B1E19A}.Debug|x86.Build.0 = Debug|x86
		{8CD584BA-B750-4AB3-B982-EDF225B1E19A}.Debug|x86.Deploy.0 = Debug|x86
		{8CD584BA-B750-4AB3-B982-EDF225B1E19A}.Release|Any CPU.ActiveCfg = Release|x86
		{8CD584BA-B750-4AB3-B982-EDF225B1E19A}.Release|ARM.ActiveCfg = Release|ARM
		{8CD584BA-B750-4AB3-B982-EDF225B1E19A}.Release|ARM.Build.0 = Release|ARM
		{8CD584BA-B750-4AB3-B982-EDF225B1E19A}.Release|ARM.Deploy.0 = Release|ARM
		{8CD584BA-B750-4AB3-B982-EDF225B1E19A}.Release|x64.ActiveCfg = Release|x64
		{8CD584BA-B750-4AB3-B982-EDF225B1E19A}.Release|x64.Build.0 = Release|x64
		{8CD584BA-B750-4AB3-B982-EDF225B1E19A}.Release|x64.Deploy.0 = Release|x64
		{8CD584BA-B750-4AB3-B982-EDF225B1E19A}.Release|x86.ActiveCfg = Release|x86
		{8CD584BA-B750-4AB3-B982-EDF225B1E19A}.Release|x86.Build.0 = Release|x86
		{8CD584BA-B750-4AB3-B982-EDF225B1E19A}.Release|x86.Deploy.0 = Release|x86
		{E1EDA363-0B66-42DC-960F-55941ED96FA4}.Debug|Any CPU.ActiveCfg = Debug|Any CPU
		{E1EDA363-0B66-42DC-960F-55941ED96FA4}.Debug|Any CPU.Build.0 = Debug|Any CPU
		{E1EDA363-0B66-42DC-960F-55941ED96FA4}.Debug|ARM.ActiveCfg = Debug|Any CPU
		{E1EDA363-0B66-42DC-960F-55941ED96FA4}.Debug|ARM.Build.0 = Debug|Any CPU
		{E1EDA363-0B66-42DC-960F-55941ED96FA4}.Debug|x64.ActiveCfg = Debug|Any CPU
		{E1EDA363-0B66-42DC-960F-55941ED96FA4}.Debug|x64.Build.0 = Debug|Any CPU
		{E1EDA363-0B66-42DC-960F-55941ED96FA4}.Debug|x86.ActiveCfg = Debug|Any CPU
		{E1EDA363-0B66-42DC-960F-55941ED96FA4}.Debug|x86.Build.0 = Debug|Any CPU
		{E1EDA363-0B66-42DC-960F-55941ED96FA4}.Release|Any CPU.ActiveCfg = Release|Any CPU
		{E1EDA363-0B66-42DC-960F-55941ED96FA4}.Release|Any CPU.Build.0 = Release|Any CPU
		{E1EDA363-0B66-42DC-960F-55941ED96FA4}.Release|ARM.ActiveCfg = Release|Any CPU
		{E1EDA363-0B66-42DC-960F-55941ED96FA4}.Release|ARM.Build.0 = Release|Any CPU
		{E1EDA363-0B66-42DC-960F-55941ED96FA4}.Release|x64.ActiveCfg = Release|Any CPU
		{E1EDA363-0B66-42DC-960F-55941ED96FA4}.Release|x64.Build.0 = Release|Any CPU
		{E1EDA363-0B66-42DC-960F-55941ED96FA4}.Release|x86.ActiveCfg = Release|Any CPU
		{E1EDA363-0B66-42DC-960F-55941ED96FA4}.Release|x86.Build.0 = Release|Any CPU
		{2F34683F-A602-4268-95AF-AFC86F85B93E}.Debug|Any CPU.ActiveCfg = Debug|Any CPU
		{2F34683F-A602-4268-95AF-AFC86F85B93E}.Debug|Any CPU.Build.0 = Debug|Any CPU
		{2F34683F-A602-4268-95AF-AFC86F85B93E}.Debug|ARM.ActiveCfg = Debug|Any CPU
		{2F34683F-A602-4268-95AF-AFC86F85B93E}.Debug|ARM.Build.0 = Debug|Any CPU
		{2F34683F-A602-4268-95AF-AFC86F85B93E}.Debug|x64.ActiveCfg = Debug|Any CPU
		{2F34683F-A602-4268-95AF-AFC86F85B93E}.Debug|x64.Build.0 = Debug|Any CPU
		{2F34683F-A602-4268-95AF-AFC86F85B93E}.Debug|x86.ActiveCfg = Debug|Any CPU
		{2F34683F-A602-4268-95AF-AFC86F85B93E}.Debug|x86.Build.0 = Debug|Any CPU
		{2F34683F-A602-4268-95AF-AFC86F85B93E}.Release|Any CPU.ActiveCfg = Release|Any CPU
		{2F34683F-A602-4268-95AF-AFC86F85B93E}.Release|Any CPU.Build.0 = Release|Any CPU
		{2F34683F-A602-4268-95AF-AFC86F85B93E}.Release|ARM.ActiveCfg = Release|Any CPU
		{2F34683F-A602-4268-95AF-AFC86F85B93E}.Release|ARM.Build.0 = Release|Any CPU
		{2F34683F-A602-4268-95AF-AFC86F85B93E}.Release|x64.ActiveCfg = Release|Any CPU
		{2F34683F-A602-4268-95AF-AFC86F85B93E}.Release|x64.Build.0 = Release|Any CPU
		{2F34683F-A602-4268-95AF-AFC86F85B93E}.Release|x86.ActiveCfg = Release|Any CPU
		{2F34683F-A602-4268-95AF-AFC86F85B93E}.Release|x86.Build.0 = Release|Any CPU
		{9E2E9FF8-E5D3-44E7-9769-E01C29F2EE69}.Debug|Any CPU.ActiveCfg = Debug|Any CPU
		{9E2E9FF8-E5D3-44E7-9769-E01C29F2EE69}.Debug|Any CPU.Build.0 = Debug|Any CPU
		{9E2E9FF8-E5D3-44E7-9769-E01C29F2EE69}.Debug|ARM.ActiveCfg = Debug|Any CPU
		{9E2E9FF8-E5D3-44E7-9769-E01C29F2EE69}.Debug|ARM.Build.0 = Debug|Any CPU
		{9E2E9FF8-E5D3-44E7-9769-E01C29F2EE69}.Debug|x64.ActiveCfg = Debug|Any CPU
		{9E2E9FF8-E5D3-44E7-9769-E01C29F2EE69}.Debug|x64.Build.0 = Debug|Any CPU
		{9E2E9FF8-E5D3-44E7-9769-E01C29F2EE69}.Debug|x86.ActiveCfg = Debug|Any CPU
		{9E2E9FF8-E5D3-44E7-9769-E01C29F2EE69}.Debug|x86.Build.0 = Debug|Any CPU
		{9E2E9FF8-E5D3-44E7-9769-E01C29F2EE69}.Release|Any CPU.ActiveCfg = Release|Any CPU
		{9E2E9FF8-E5D3-44E7-9769-E01C29F2EE69}.Release|Any CPU.Build.0 = Release|Any CPU
		{9E2E9FF8-E5D3-44E7-9769-E01C29F2EE69}.Release|ARM.ActiveCfg = Release|Any CPU
		{9E2E9FF8-E5D3-44E7-9769-E01C29F2EE69}.Release|ARM.Build.0 = Release|Any CPU
		{9E2E9FF8-E5D3-44E7-9769-E01C29F2EE69}.Release|x64.ActiveCfg = Release|Any CPU
		{9E2E9FF8-E5D3-44E7-9769-E01C29F2EE69}.Release|x64.Build.0 = Release|Any CPU
		{9E2E9FF8-E5D3-44E7-9769-E01C29F2EE69}.Release|x86.ActiveCfg = Release|Any CPU
		{9E2E9FF8-E5D3-44E7-9769-E01C29F2EE69}.Release|x86.Build.0 = Release|Any CPU
		{447FCEF3-7F3D-4228-A5C3-4123337ADAC0}.Debug|Any CPU.ActiveCfg = Debug|Any CPU
		{447FCEF3-7F3D-4228-A5C3-4123337ADAC0}.Debug|Any CPU.Build.0 = Debug|Any CPU
		{447FCEF3-7F3D-4228-A5C3-4123337ADAC0}.Debug|ARM.ActiveCfg = Debug|Any CPU
		{447FCEF3-7F3D-4228-A5C3-4123337ADAC0}.Debug|ARM.Build.0 = Debug|Any CPU
		{447FCEF3-7F3D-4228-A5C3-4123337ADAC0}.Debug|x64.ActiveCfg = Debug|Any CPU
		{447FCEF3-7F3D-4228-A5C3-4123337ADAC0}.Debug|x64.Build.0 = Debug|Any CPU
		{447FCEF3-7F3D-4228-A5C3-4123337ADAC0}.Debug|x86.ActiveCfg = Debug|Any CPU
		{447FCEF3-7F3D-4228-A5C3-4123337ADAC0}.Debug|x86.Build.0 = Debug|Any CPU
		{447FCEF3-7F3D-4228-A5C3-4123337ADAC0}.Release|Any CPU.ActiveCfg = Release|Any CPU
		{447FCEF3-7F3D-4228-A5C3-4123337ADAC0}.Release|Any CPU.Build.0 = Release|Any CPU
		{447FCEF3-7F3D-4228-A5C3-4123337ADAC0}.Release|ARM.ActiveCfg = Release|Any CPU
		{447FCEF3-7F3D-4228-A5C3-4123337ADAC0}.Release|ARM.Build.0 = Release|Any CPU
		{447FCEF3-7F3D-4228-A5C3-4123337ADAC0}.Release|x64.ActiveCfg = Release|Any CPU
		{447FCEF3-7F3D-4228-A5C3-4123337ADAC0}.Release|x64.Build.0 = Release|Any CPU
		{447FCEF3-7F3D-4228-A5C3-4123337ADAC0}.Release|x86.ActiveCfg = Release|Any CPU
		{447FCEF3-7F3D-4228-A5C3-4123337ADAC0}.Release|x86.Build.0 = Release|Any CPU
		{377786A7-03AB-4ADC-832A-A3554CCA0C72}.Debug|Any CPU.ActiveCfg = Debug|Any CPU
		{377786A7-03AB-4ADC-832A-A3554CCA0C72}.Debug|Any CPU.Build.0 = Debug|Any CPU
		{377786A7-03AB-4ADC-832A-A3554CCA0C72}.Debug|ARM.ActiveCfg = Debug|ARM
		{377786A7-03AB-4ADC-832A-A3554CCA0C72}.Debug|ARM.Build.0 = Debug|ARM
		{377786A7-03AB-4ADC-832A-A3554CCA0C72}.Debug|x64.ActiveCfg = Debug|x64
		{377786A7-03AB-4ADC-832A-A3554CCA0C72}.Debug|x64.Build.0 = Debug|x64
		{377786A7-03AB-4ADC-832A-A3554CCA0C72}.Debug|x86.ActiveCfg = Debug|x86
		{377786A7-03AB-4ADC-832A-A3554CCA0C72}.Debug|x86.Build.0 = Debug|x86
		{377786A7-03AB-4ADC-832A-A3554CCA0C72}.Release|Any CPU.ActiveCfg = Release|Any CPU
		{377786A7-03AB-4ADC-832A-A3554CCA0C72}.Release|Any CPU.Build.0 = Release|Any CPU
		{377786A7-03AB-4ADC-832A-A3554CCA0C72}.Release|ARM.ActiveCfg = Release|ARM
		{377786A7-03AB-4ADC-832A-A3554CCA0C72}.Release|ARM.Build.0 = Release|ARM
		{377786A7-03AB-4ADC-832A-A3554CCA0C72}.Release|x64.ActiveCfg = Release|x64
		{377786A7-03AB-4ADC-832A-A3554CCA0C72}.Release|x64.Build.0 = Release|x64
		{377786A7-03AB-4ADC-832A-A3554CCA0C72}.Release|x86.ActiveCfg = Release|x86
		{377786A7-03AB-4ADC-832A-A3554CCA0C72}.Release|x86.Build.0 = Release|x86
		{83164498-1460-4166-B1F0-252E0DF0263F}.Debug|Any CPU.ActiveCfg = Debug|Any CPU
		{83164498-1460-4166-B1F0-252E0DF0263F}.Debug|Any CPU.Build.0 = Debug|Any CPU
		{83164498-1460-4166-B1F0-252E0DF0263F}.Debug|ARM.ActiveCfg = Debug|Any CPU
		{83164498-1460-4166-B1F0-252E0DF0263F}.Debug|ARM.Build.0 = Debug|Any CPU
		{83164498-1460-4166-B1F0-252E0DF0263F}.Debug|x64.ActiveCfg = Debug|Any CPU
		{83164498-1460-4166-B1F0-252E0DF0263F}.Debug|x64.Build.0 = Debug|Any CPU
		{83164498-1460-4166-B1F0-252E0DF0263F}.Debug|x86.ActiveCfg = Debug|Any CPU
		{83164498-1460-4166-B1F0-252E0DF0263F}.Debug|x86.Build.0 = Debug|Any CPU
		{83164498-1460-4166-B1F0-252E0DF0263F}.Release|Any CPU.ActiveCfg = Release|Any CPU
		{83164498-1460-4166-B1F0-252E0DF0263F}.Release|Any CPU.Build.0 = Release|Any CPU
		{83164498-1460-4166-B1F0-252E0DF0263F}.Release|ARM.ActiveCfg = Release|Any CPU
		{83164498-1460-4166-B1F0-252E0DF0263F}.Release|ARM.Build.0 = Release|Any CPU
		{83164498-1460-4166-B1F0-252E0DF0263F}.Release|x64.ActiveCfg = Release|Any CPU
		{83164498-1460-4166-B1F0-252E0DF0263F}.Release|x64.Build.0 = Release|Any CPU
		{83164498-1460-4166-B1F0-252E0DF0263F}.Release|x86.ActiveCfg = Release|Any CPU
		{83164498-1460-4166-B1F0-252E0DF0263F}.Release|x86.Build.0 = Release|Any CPU
		{950FCC79-CE4B-41CF-AEEF-C450D7A9045B}.Debug|Any CPU.ActiveCfg = Debug|Any CPU
		{950FCC79-CE4B-41CF-AEEF-C450D7A9045B}.Debug|Any CPU.Build.0 = Debug|Any CPU
		{950FCC79-CE4B-41CF-AEEF-C450D7A9045B}.Debug|ARM.ActiveCfg = Debug|Any CPU
		{950FCC79-CE4B-41CF-AEEF-C450D7A9045B}.Debug|ARM.Build.0 = Debug|Any CPU
		{950FCC79-CE4B-41CF-AEEF-C450D7A9045B}.Debug|x64.ActiveCfg = Debug|Any CPU
		{950FCC79-CE4B-41CF-AEEF-C450D7A9045B}.Debug|x64.Build.0 = Debug|Any CPU
		{950FCC79-CE4B-41CF-AEEF-C450D7A9045B}.Debug|x86.ActiveCfg = Debug|Any CPU
		{950FCC79-CE4B-41CF-AEEF-C450D7A9045B}.Debug|x86.Build.0 = Debug|Any CPU
		{950FCC79-CE4B-41CF-AEEF-C450D7A9045B}.Release|Any CPU.ActiveCfg = Release|Any CPU
		{950FCC79-CE4B-41CF-AEEF-C450D7A9045B}.Release|Any CPU.Build.0 = Release|Any CPU
		{950FCC79-CE4B-41CF-AEEF-C450D7A9045B}.Release|ARM.ActiveCfg = Release|Any CPU
		{950FCC79-CE4B-41CF-AEEF-C450D7A9045B}.Release|ARM.Build.0 = Release|Any CPU
		{950FCC79-CE4B-41CF-AEEF-C450D7A9045B}.Release|x64.ActiveCfg = Release|Any CPU
		{950FCC79-CE4B-41CF-AEEF-C450D7A9045B}.Release|x64.Build.0 = Release|Any CPU
		{950FCC79-CE4B-41CF-AEEF-C450D7A9045B}.Release|x86.ActiveCfg = Release|Any CPU
		{950FCC79-CE4B-41CF-AEEF-C450D7A9045B}.Release|x86.Build.0 = Release|Any CPU
		{3F147EAE-68F1-40E3-BBEE-630171B04734}.Debug|Any CPU.ActiveCfg = Debug|Any CPU
		{3F147EAE-68F1-40E3-BBEE-630171B04734}.Debug|Any CPU.Build.0 = Debug|Any CPU
		{3F147EAE-68F1-40E3-BBEE-630171B04734}.Debug|ARM.ActiveCfg = Debug|Any CPU
		{3F147EAE-68F1-40E3-BBEE-630171B04734}.Debug|ARM.Build.0 = Debug|Any CPU
		{3F147EAE-68F1-40E3-BBEE-630171B04734}.Debug|x64.ActiveCfg = Debug|Any CPU
		{3F147EAE-68F1-40E3-BBEE-630171B04734}.Debug|x64.Build.0 = Debug|Any CPU
		{3F147EAE-68F1-40E3-BBEE-630171B04734}.Debug|x86.ActiveCfg = Debug|Any CPU
		{3F147EAE-68F1-40E3-BBEE-630171B04734}.Debug|x86.Build.0 = Debug|Any CPU
		{3F147EAE-68F1-40E3-BBEE-630171B04734}.Release|Any CPU.ActiveCfg = Release|Any CPU
		{3F147EAE-68F1-40E3-BBEE-630171B04734}.Release|Any CPU.Build.0 = Release|Any CPU
		{3F147EAE-68F1-40E3-BBEE-630171B04734}.Release|ARM.ActiveCfg = Release|Any CPU
		{3F147EAE-68F1-40E3-BBEE-630171B04734}.Release|ARM.Build.0 = Release|Any CPU
		{3F147EAE-68F1-40E3-BBEE-630171B04734}.Release|x64.ActiveCfg = Release|Any CPU
		{3F147EAE-68F1-40E3-BBEE-630171B04734}.Release|x64.Build.0 = Release|Any CPU
		{3F147EAE-68F1-40E3-BBEE-630171B04734}.Release|x86.ActiveCfg = Release|Any CPU
		{3F147EAE-68F1-40E3-BBEE-630171B04734}.Release|x86.Build.0 = Release|Any CPU
		{C9286867-7B17-4489-A673-FA397D15F21F}.Debug|Any CPU.ActiveCfg = Debug|Any CPU
		{C9286867-7B17-4489-A673-FA397D15F21F}.Debug|Any CPU.Build.0 = Debug|Any CPU
		{C9286867-7B17-4489-A673-FA397D15F21F}.Debug|ARM.ActiveCfg = Debug|Any CPU
		{C9286867-7B17-4489-A673-FA397D15F21F}.Debug|ARM.Build.0 = Debug|Any CPU
		{C9286867-7B17-4489-A673-FA397D15F21F}.Debug|x64.ActiveCfg = Debug|Any CPU
		{C9286867-7B17-4489-A673-FA397D15F21F}.Debug|x64.Build.0 = Debug|Any CPU
		{C9286867-7B17-4489-A673-FA397D15F21F}.Debug|x86.ActiveCfg = Debug|Any CPU
		{C9286867-7B17-4489-A673-FA397D15F21F}.Debug|x86.Build.0 = Debug|Any CPU
		{C9286867-7B17-4489-A673-FA397D15F21F}.Release|Any CPU.ActiveCfg = Release|Any CPU
		{C9286867-7B17-4489-A673-FA397D15F21F}.Release|Any CPU.Build.0 = Release|Any CPU
		{C9286867-7B17-4489-A673-FA397D15F21F}.Release|ARM.ActiveCfg = Release|Any CPU
		{C9286867-7B17-4489-A673-FA397D15F21F}.Release|ARM.Build.0 = Release|Any CPU
		{C9286867-7B17-4489-A673-FA397D15F21F}.Release|x64.ActiveCfg = Release|Any CPU
		{C9286867-7B17-4489-A673-FA397D15F21F}.Release|x64.Build.0 = Release|Any CPU
		{C9286867-7B17-4489-A673-FA397D15F21F}.Release|x86.ActiveCfg = Release|Any CPU
		{C9286867-7B17-4489-A673-FA397D15F21F}.Release|x86.Build.0 = Release|Any CPU
		{B3E6B299-E4B5-48B7-A280-2A76A617C3AE}.Debug|Any CPU.ActiveCfg = Debug|Any CPU
		{B3E6B299-E4B5-48B7-A280-2A76A617C3AE}.Debug|Any CPU.Build.0 = Debug|Any CPU
		{B3E6B299-E4B5-48B7-A280-2A76A617C3AE}.Debug|ARM.ActiveCfg = Debug|Any CPU
		{B3E6B299-E4B5-48B7-A280-2A76A617C3AE}.Debug|ARM.Build.0 = Debug|Any CPU
		{B3E6B299-E4B5-48B7-A280-2A76A617C3AE}.Debug|x64.ActiveCfg = Debug|Any CPU
		{B3E6B299-E4B5-48B7-A280-2A76A617C3AE}.Debug|x64.Build.0 = Debug|Any CPU
		{B3E6B299-E4B5-48B7-A280-2A76A617C3AE}.Debug|x86.ActiveCfg = Debug|Any CPU
		{B3E6B299-E4B5-48B7-A280-2A76A617C3AE}.Debug|x86.Build.0 = Debug|Any CPU
		{B3E6B299-E4B5-48B7-A280-2A76A617C3AE}.Release|Any CPU.ActiveCfg = Release|Any CPU
		{B3E6B299-E4B5-48B7-A280-2A76A617C3AE}.Release|Any CPU.Build.0 = Release|Any CPU
		{B3E6B299-E4B5-48B7-A280-2A76A617C3AE}.Release|ARM.ActiveCfg = Release|Any CPU
		{B3E6B299-E4B5-48B7-A280-2A76A617C3AE}.Release|ARM.Build.0 = Release|Any CPU
		{B3E6B299-E4B5-48B7-A280-2A76A617C3AE}.Release|x64.ActiveCfg = Release|Any CPU
		{B3E6B299-E4B5-48B7-A280-2A76A617C3AE}.Release|x64.Build.0 = Release|Any CPU
		{B3E6B299-E4B5-48B7-A280-2A76A617C3AE}.Release|x86.ActiveCfg = Release|Any CPU
		{B3E6B299-E4B5-48B7-A280-2A76A617C3AE}.Release|x86.Build.0 = Release|Any CPU
	EndGlobalSection
	GlobalSection(SolutionProperties) = preSolution
		HideSolutionNode = FALSE
	EndGlobalSection
	GlobalSection(NestedProjects) = preSolution
		{2F34683F-A602-4268-95AF-AFC86F85B93E} = {EA3DE245-2696-44A9-A482-3BD9E841B965}
		{377786A7-03AB-4ADC-832A-A3554CCA0C72} = {EA3DE245-2696-44A9-A482-3BD9E841B965}
		{83164498-1460-4166-B1F0-252E0DF0263F} = {EA3DE245-2696-44A9-A482-3BD9E841B965}
		{950FCC79-CE4B-41CF-AEEF-C450D7A9045B} = {EA3DE245-2696-44A9-A482-3BD9E841B965}
	EndGlobalSection
EndGlobal
